
Microsoft Visual Studio Solution File, Format Version 12.00
# Visual Studio Version 17
VisualStudioVersion = 17.11.35312.102
MinimumVisualStudioVersion = 10.0.40219.1
Project("{FAE04EC0-301F-11D3-BF4B-00C04F79EFBC}") = "FFXLightningDodger", "FFXLightningDodger.csproj", "{5897D782-8274-4014-AEC3-9A0E4816A4E1}"
EndProject
Global
	GlobalSection(SolutionConfigurationPlatforms) = preSolution
		Debug|Any CPU = Debug|Any CPU
		Release|Any CPU = Release|Any CPU
	EndGlobalSection
	GlobalSection(ProjectConfigurationPlatforms) = postSolution
		{5897D782-8274-4014-AEC3-9A0E4816A4E1}.Debug|Any CPU.ActiveCfg = Debug|Any CPU
		{5897D782-8274-4014-AEC3-9A0E4816A4E1}.Debug|Any CPU.Build.0 = Debug|Any CPU
		{5897D782-8274-4014-AEC3-9A0E4816A4E1}.Release|Any CPU.ActiveCfg = Release|Any CPU
		{5897D782-8274-4014-AEC3-9A0E4816A4E1}.Release|Any CPU.Build.0 = Release|Any CPU
	EndGlobalSection
	GlobalSection(SolutionProperties) = preSolution
		HideSolutionNode = FALSE
	EndGlobalSection
	GlobalSection(ExtensibilityGlobals) = postSolution
		SolutionGuid = {F3647BF4-EA71-4B59-A277-CE890DF755E8}
	EndGlobalSection
EndGlobal
